
Microsoft Visual Studio Solution File, Format Version 12.00
# Visual Studio Version 17
VisualStudioVersion = 17.0.31903.59
MinimumVisualStudioVersion = 10.0.40219.1
Project("{2150E333-8FDC-42A3-9474-1A3956D46DE8}") = "src", "src", "{E5A10F31-2321-4059-8DED-FFD82CB858DF}"
EndProject
Project("{FAE04EC0-301F-11D3-BF4B-00C04F79EFBC}") = "MealBot.Web", "src\MealBot.Web\MealBot.Web.csproj", "{0E3E3019-5433-447D-BE3C-BA7ABBCB3ED7}"
EndProject
Project("{FAE04EC0-301F-11D3-BF4B-00C04F79EFBC}") = "MealBot.Api", "src\MealBot.Api\MealBot.Api.csproj", "{878AC01A-A609-4A36-86E3-64F455204D3B}"
EndProject
Project("{FAE04EC0-301F-11D3-BF4B-00C04F79EFBC}") = "MealBot.Sdk", "src\MealBot.Sdk\MealBot.Sdk.csproj", "{5808B4EF-9A3B-4DA3-A8E6-C1D398BECFB7}"
EndProject
Global
	GlobalSection(SolutionConfigurationPlatforms) = preSolution
		Debug|Any CPU = Debug|Any CPU
		Release|Any CPU = Release|Any CPU
	EndGlobalSection
	GlobalSection(SolutionProperties) = preSolution
		HideSolutionNode = FALSE
	EndGlobalSection
	GlobalSection(ProjectConfigurationPlatforms) = postSolution
		{0E3E3019-5433-447D-BE3C-BA7ABBCB3ED7}.Debug|Any CPU.ActiveCfg = Debug|Any CPU
		{0E3E3019-5433-447D-BE3C-BA7ABBCB3ED7}.Debug|Any CPU.Build.0 = Debug|Any CPU
		{0E3E3019-5433-447D-BE3C-BA7ABBCB3ED7}.Release|Any CPU.ActiveCfg = Release|Any CPU
		{0E3E3019-5433-447D-BE3C-BA7ABBCB3ED7}.Release|Any CPU.Build.0 = Release|Any CPU
		{878AC01A-A609-4A36-86E3-64F455204D3B}.Debug|Any CPU.ActiveCfg = Debug|Any CPU
		{878AC01A-A609-4A36-86E3-64F455204D3B}.Debug|Any CPU.Build.0 = Debug|Any CPU
		{878AC01A-A609-4A36-86E3-64F455204D3B}.Release|Any CPU.ActiveCfg = Release|Any CPU
		{878AC01A-A609-4A36-86E3-64F455204D3B}.Release|Any CPU.Build.0 = Release|Any CPU
		{5808B4EF-9A3B-4DA3-A8E6-C1D398BECFB7}.Debug|Any CPU.ActiveCfg = Debug|Any CPU
		{5808B4EF-9A3B-4DA3-A8E6-C1D398BECFB7}.Debug|Any CPU.Build.0 = Debug|Any CPU
		{5808B4EF-9A3B-4DA3-A8E6-C1D398BECFB7}.Release|Any CPU.ActiveCfg = Release|Any CPU
		{5808B4EF-9A3B-4DA3-A8E6-C1D398BECFB7}.Release|Any CPU.Build.0 = Release|Any CPU
	EndGlobalSection
	GlobalSection(NestedProjects) = preSolution
		{0E3E3019-5433-447D-BE3C-BA7ABBCB3ED7} = {E5A10F31-2321-4059-8DED-FFD82CB858DF}
		{878AC01A-A609-4A36-86E3-64F455204D3B} = {E5A10F31-2321-4059-8DED-FFD82CB858DF}
		{5808B4EF-9A3B-4DA3-A8E6-C1D398BECFB7} = {E5A10F31-2321-4059-8DED-FFD82CB858DF}
	EndGlobalSection
EndGlobal
