
Microsoft Visual Studio Solution File, Format Version 12.00
# Visual Studio Version 17
VisualStudioVersion = 17.5.002.0
MinimumVisualStudioVersion = 10.0.40219.1
Project("{2150E333-8FDC-42A3-9474-1A3956D46DE8}") = "src", "src", "{37B65387-31E9-4668-A06B-B8E80E91D775}"
EndProject
Project("{9A19103F-16F7-4668-BE54-9A1E7A4F7556}") = "Mealbot.Api", "src\Mealbot.Api\Mealbot.Api.csproj", "{2754A2F1-B700-4D1D-A703-B48E7FC556DD}"
EndProject
Project("{9A19103F-16F7-4668-BE54-9A1E7A4F7556}") = "Mealbot.Meals", "src\Mealbot.Meals\Mealbot.Meals.csproj", "{EF60D024-A5A4-43CD-B154-28F76B654902}"
EndProject
Global
	GlobalSection(SolutionConfigurationPlatforms) = preSolution
		Debug|Any CPU = Debug|Any CPU
		Release|Any CPU = Release|Any CPU
	EndGlobalSection
	GlobalSection(ProjectConfigurationPlatforms) = postSolution
		{2754A2F1-B700-4D1D-A703-B48E7FC556DD}.Debug|Any CPU.ActiveCfg = Debug|Any CPU
		{2754A2F1-B700-4D1D-A703-B48E7FC556DD}.Debug|Any CPU.Build.0 = Debug|Any CPU
		{2754A2F1-B700-4D1D-A703-B48E7FC556DD}.Release|Any CPU.ActiveCfg = Release|Any CPU
		{2754A2F1-B700-4D1D-A703-B48E7FC556DD}.Release|Any CPU.Build.0 = Release|Any CPU
		{EF60D024-A5A4-43CD-B154-28F76B654902}.Debug|Any CPU.ActiveCfg = Debug|Any CPU
		{EF60D024-A5A4-43CD-B154-28F76B654902}.Debug|Any CPU.Build.0 = Debug|Any CPU
		{EF60D024-A5A4-43CD-B154-28F76B654902}.Release|Any CPU.ActiveCfg = Release|Any CPU
		{EF60D024-A5A4-43CD-B154-28F76B654902}.Release|Any CPU.Build.0 = Release|Any CPU
	EndGlobalSection
	GlobalSection(SolutionProperties) = preSolution
		HideSolutionNode = FALSE
	EndGlobalSection
	GlobalSection(NestedProjects) = preSolution
		{2754A2F1-B700-4D1D-A703-B48E7FC556DD} = {37B65387-31E9-4668-A06B-B8E80E91D775}
		{EF60D024-A5A4-43CD-B154-28F76B654902} = {37B65387-31E9-4668-A06B-B8E80E91D775}
	EndGlobalSection
	GlobalSection(ExtensibilityGlobals) = postSolution
		SolutionGuid = {2A649A09-54B3-4C0E-B740-60D4E3500381}
	EndGlobalSection
EndGlobal
