
Microsoft Visual Studio Solution File, Format Version 12.00
# Visual Studio Version 17
VisualStudioVersion = 17.5.002.0
MinimumVisualStudioVersion = 10.0.40219.1
Project("{2150E333-8FDC-42A3-9474-1A3956D46DE8}") = "src", "src", "{D244C06C-BF02-4942-8660-7F135A8EC5D8}"
EndProject
Project("{9A19103F-16F7-4668-BE54-9A1E7A4F7556}") = "Mealbot.Api", "src\Mealbot.Api\Mealbot.Api.csproj", "{9486901E-FE15-44F2-9F06-4EF116CAB7A6}"
EndProject
Project("{9A19103F-16F7-4668-BE54-9A1E7A4F7556}") = "Mealbot.Meals", "src\Mealbot.Meals\Mealbot.Meals.csproj", "{75B0B898-79C9-459B-8458-178EE6A2738B}"
EndProject
Global
	GlobalSection(SolutionConfigurationPlatforms) = preSolution
		Debug|Any CPU = Debug|Any CPU
		Release|Any CPU = Release|Any CPU
	EndGlobalSection
	GlobalSection(ProjectConfigurationPlatforms) = postSolution
		{9486901E-FE15-44F2-9F06-4EF116CAB7A6}.Debug|Any CPU.ActiveCfg = Debug|Any CPU
		{9486901E-FE15-44F2-9F06-4EF116CAB7A6}.Debug|Any CPU.Build.0 = Debug|Any CPU
		{9486901E-FE15-44F2-9F06-4EF116CAB7A6}.Release|Any CPU.ActiveCfg = Release|Any CPU
		{9486901E-FE15-44F2-9F06-4EF116CAB7A6}.Release|Any CPU.Build.0 = Release|Any CPU
		{75B0B898-79C9-459B-8458-178EE6A2738B}.Debug|Any CPU.ActiveCfg = Debug|Any CPU
		{75B0B898-79C9-459B-8458-178EE6A2738B}.Debug|Any CPU.Build.0 = Debug|Any CPU
		{75B0B898-79C9-459B-8458-178EE6A2738B}.Release|Any CPU.ActiveCfg = Release|Any CPU
		{75B0B898-79C9-459B-8458-178EE6A2738B}.Release|Any CPU.Build.0 = Release|Any CPU
	EndGlobalSection
	GlobalSection(SolutionProperties) = preSolution
		HideSolutionNode = FALSE
	EndGlobalSection
	GlobalSection(NestedProjects) = preSolution
		{9486901E-FE15-44F2-9F06-4EF116CAB7A6} = {D244C06C-BF02-4942-8660-7F135A8EC5D8}
		{75B0B898-79C9-459B-8458-178EE6A2738B} = {D244C06C-BF02-4942-8660-7F135A8EC5D8}
	EndGlobalSection
	GlobalSection(ExtensibilityGlobals) = postSolution
		SolutionGuid = {2A649A09-54B3-4C0E-B740-60D4E3500381}
	EndGlobalSection
EndGlobal
