
Microsoft Visual Studio Solution File, Format Version 12.00
# Visual Studio Version 17
VisualStudioVersion = 17.0.31903.59
MinimumVisualStudioVersion = 10.0.40219.1
Project("{2150E333-8FDC-42A3-9474-1A3956D46DE8}") = "src", "src", "{E5A10F31-2321-4059-8DED-FFD82CB858DF}"
EndProject
Project("{FAE04EC0-301F-11D3-BF4B-00C04F79EFBC}") = "MealBot.Web", "src\MealBot.Web\MealBot.Web.csproj", "{0E3E3019-5433-447D-BE3C-BA7ABBCB3ED7}"
EndProject
Project("{FAE04EC0-301F-11D3-BF4B-00C04F79EFBC}") = "MealBot.Api", "src\MealBot.Api\MealBot.Api.csproj", "{878AC01A-A609-4A36-86E3-64F455204D3B}"
EndProject
Project("{FAE04EC0-301F-11D3-BF4B-00C04F79EFBC}") = "MealBot.Auth", "src\MealBot.Auth\MealBot.Auth.csproj", "{CCDAD2DA-FCC6-4DCD-844B-808C8B7E41C4}"
EndProject
Project("{FAE04EC0-301F-11D3-BF4B-00C04F79EFBC}") = "MealBot.Common", "src\MealBot.Common\MealBot.Common.csproj", "{5798B63A-8C91-45F6-8E03-AFEEBAE273D7}"
EndProject
Project("{FAE04EC0-301F-11D3-BF4B-00C04F79EFBC}") = "MealBot.Meals", "src\MealBot.Meals\MealBot.Meals.csproj", "{9BA1513F-498A-4C7B-9658-795444F87E89}"
EndProject
Project("{FAE04EC0-301F-11D3-BF4B-00C04F79EFBC}") = "MealBot.Auth.Contracts", "src\MealBot.Auth.Contracts\MealBot.Auth.Contracts.csproj", "{E13F7A90-A8AA-46F2-8233-F1383687ADDA}"
EndProject
Global
	GlobalSection(SolutionConfigurationPlatforms) = preSolution
		Debug|Any CPU = Debug|Any CPU
		Release|Any CPU = Release|Any CPU
	EndGlobalSection
	GlobalSection(SolutionProperties) = preSolution
		HideSolutionNode = FALSE
	EndGlobalSection
	GlobalSection(ProjectConfigurationPlatforms) = postSolution
		{0E3E3019-5433-447D-BE3C-BA7ABBCB3ED7}.Debug|Any CPU.ActiveCfg = Debug|Any CPU
		{0E3E3019-5433-447D-BE3C-BA7ABBCB3ED7}.Debug|Any CPU.Build.0 = Debug|Any CPU
		{0E3E3019-5433-447D-BE3C-BA7ABBCB3ED7}.Release|Any CPU.ActiveCfg = Release|Any CPU
		{0E3E3019-5433-447D-BE3C-BA7ABBCB3ED7}.Release|Any CPU.Build.0 = Release|Any CPU
		{878AC01A-A609-4A36-86E3-64F455204D3B}.Debug|Any CPU.ActiveCfg = Debug|Any CPU
		{878AC01A-A609-4A36-86E3-64F455204D3B}.Debug|Any CPU.Build.0 = Debug|Any CPU
		{878AC01A-A609-4A36-86E3-64F455204D3B}.Release|Any CPU.ActiveCfg = Release|Any CPU
		{878AC01A-A609-4A36-86E3-64F455204D3B}.Release|Any CPU.Build.0 = Release|Any CPU
		{CCDAD2DA-FCC6-4DCD-844B-808C8B7E41C4}.Debug|Any CPU.ActiveCfg = Debug|Any CPU
		{CCDAD2DA-FCC6-4DCD-844B-808C8B7E41C4}.Debug|Any CPU.Build.0 = Debug|Any CPU
		{CCDAD2DA-FCC6-4DCD-844B-808C8B7E41C4}.Release|Any CPU.ActiveCfg = Release|Any CPU
		{CCDAD2DA-FCC6-4DCD-844B-808C8B7E41C4}.Release|Any CPU.Build.0 = Release|Any CPU
		{5798B63A-8C91-45F6-8E03-AFEEBAE273D7}.Debug|Any CPU.ActiveCfg = Debug|Any CPU
		{5798B63A-8C91-45F6-8E03-AFEEBAE273D7}.Debug|Any CPU.Build.0 = Debug|Any CPU
		{5798B63A-8C91-45F6-8E03-AFEEBAE273D7}.Release|Any CPU.ActiveCfg = Release|Any CPU
		{5798B63A-8C91-45F6-8E03-AFEEBAE273D7}.Release|Any CPU.Build.0 = Release|Any CPU
		{9BA1513F-498A-4C7B-9658-795444F87E89}.Debug|Any CPU.ActiveCfg = Debug|Any CPU
		{9BA1513F-498A-4C7B-9658-795444F87E89}.Debug|Any CPU.Build.0 = Debug|Any CPU
		{9BA1513F-498A-4C7B-9658-795444F87E89}.Release|Any CPU.ActiveCfg = Release|Any CPU
		{9BA1513F-498A-4C7B-9658-795444F87E89}.Release|Any CPU.Build.0 = Release|Any CPU
		{E13F7A90-A8AA-46F2-8233-F1383687ADDA}.Debug|Any CPU.ActiveCfg = Debug|Any CPU
		{E13F7A90-A8AA-46F2-8233-F1383687ADDA}.Debug|Any CPU.Build.0 = Debug|Any CPU
		{E13F7A90-A8AA-46F2-8233-F1383687ADDA}.Release|Any CPU.ActiveCfg = Release|Any CPU
		{E13F7A90-A8AA-46F2-8233-F1383687ADDA}.Release|Any CPU.Build.0 = Release|Any CPU
	EndGlobalSection
	GlobalSection(NestedProjects) = preSolution
		{0E3E3019-5433-447D-BE3C-BA7ABBCB3ED7} = {E5A10F31-2321-4059-8DED-FFD82CB858DF}
		{878AC01A-A609-4A36-86E3-64F455204D3B} = {E5A10F31-2321-4059-8DED-FFD82CB858DF}
		{CCDAD2DA-FCC6-4DCD-844B-808C8B7E41C4} = {E5A10F31-2321-4059-8DED-FFD82CB858DF}
		{5798B63A-8C91-45F6-8E03-AFEEBAE273D7} = {E5A10F31-2321-4059-8DED-FFD82CB858DF}
		{9BA1513F-498A-4C7B-9658-795444F87E89} = {E5A10F31-2321-4059-8DED-FFD82CB858DF}
		{E13F7A90-A8AA-46F2-8233-F1383687ADDA} = {E5A10F31-2321-4059-8DED-FFD82CB858DF}
	EndGlobalSection
EndGlobal
